{
  "originHash" : "d32534ee6db04d1a4a1b85f86ba701e8e8f00fb3e9da20439645db958f71209d",
  "pins" : [
    {
      "identity" : "izzidateformatter",
      "kind" : "remoteSourceControl",
      "location" : "https://github.com/Desp0o/izziDateFormatter",
      "state" : {
        "branch" : "main",
        "revision" : "8c99911de3e92818f9823b3456a42d7f04ed4f92"
      }
    }
  ],
  "version" : 3
}
